{
    "_meta": {
        "hash": {
            "sha256": "4467275a3fc9cf68fb1c6a849ae3bcdb162c17ca83dd4505e25913b371a4c912"
        },
        "pipfile-spec": 6,
        "requires": {
            "python_full_version": "3.10.8",
            "python_version": "3.10"
        },
        "sources": [
            {
                "name": "pypi",
                "url": "https://pypi.org/simple",
                "verify_ssl": true
            }
        ]
    },
    "default": {
        "asgiref": {
            "hashes": [
                "sha256:1d2880b792ae8757289136f1db2b7b99100ce959b2aa57fd69dab783d05afac4",
                "sha256:4a29362a6acebe09bf1d6640db38c1dc3d9217c68e6f9f6204d72667fc19a424"
            ],
            "markers": "python_version >= '3.7'",
            "version": "==3.5.2"
        },
        "beautifulsoup4": {
            "hashes": [
                "sha256:58d5c3d29f5a36ffeb94f02f0d786cd53014cf9b3b3951d42e0080d8a9498d30",
                "sha256:ad9aa55b65ef2808eb405f46cf74df7fcb7044d5cbc26487f96eb2ef2e436693"
            ],
            "markers": "python_full_version >= '3.6.0'",
            "version": "==4.11.1"
        },
        "cachetools": {
            "hashes": [
                "sha256:89ea6f1b638d5a73a4f9226be57ac5e4f399d22770b92355f92dcb0f7f001693",
                "sha256:92971d3cb7d2a97efff7c7bb1657f21a8f5fb309a37530537c71b1774189f2d1"
            ],
            "markers": "python_version ~= '3.5'",
            "version": "==4.2.4"
        },
        "decorator": {
            "hashes": [
                "sha256:41fa54c2a0cc4ba648be4fd43cff00aedf5b9465c9bf18d64325bc225f08f760",
                "sha256:e3a62f0520172440ca0dcc823749319382e377f37f140a0b99ef45fecb84bfe7"
            ],
            "version": "==4.4.2"
        },
        "django": {
            "hashes": [
                "sha256:678bbfc8604eb246ed54e2063f0765f13b321a50526bdc8cb1f943eda7fa31f1",
                "sha256:6b1de6886cae14c7c44d188f580f8ba8da05750f544c80ae5ad43375ab293cd5"
            ],
            "index": "pypi",
            "version": "==4.1.3"
        },
        "django-crispy-forms": {
            "hashes": [
                "sha256:35887b8851a931374dd697207a8f56c57a9c5cb9dbf0b9fa54314da5666cea5b",
                "sha256:bc4d2037f6de602d39c0bc452ac3029d1f5d65e88458872cc4dbc01c3a400604"
            ],
            "index": "pypi",
            "version": "==1.14.0"
        },
        "django-debug-toolbar": {
            "hashes": [
                "sha256:1e3acad24e3d351ba45c6fa2072e4164820307332a776b16c9f06d1f89503465",
                "sha256:80de23066b624d3970fd296cf02d61988e5d56c31aa0dc4a428970b46e2883a8"
            ],
            "index": "pypi",
            "version": "==3.7.0"
        },
        "django-google-translate": {
            "hashes": [
                "sha256:139f4b2f6809789847543c1cb940374fa61d676506ecce0eab7919446cc9c0b6"
            ],
            "index": "pypi",
            "version": "==1.1"
        },
        "django-unicorn": {
            "hashes": [
                "sha256:33ebb1dcaf5072a6f85b66eb42830ab8705142463b66d1b8a4e414ccab887b05",
                "sha256:e3a86cdda745f14e7e9e6ade926372f7b2cecf299faf5ac648cfc1133d998de2"
            ],
            "index": "pypi",
            "version": "==0.49.1"
        },
        "orjson": {
            "hashes": [
                "sha256:03389e3750c521a7f3d4837de23cfd21a7f24574b4b3985c9498f440d21adb03",
                "sha256:07c42de52dfef56cdcaf2278f58e837b26f5b5af5f1fd133a68c4af203851fc7",
                "sha256:0b4e3857dd2416b479f700e9bdf4fcec8c690d2716622397d2b7e848f9833e50",
                "sha256:0bd5b4e539db8a9635776bdf9a25c3db84e37165e65d45c8ca90437adc46d6d8",
                "sha256:0f21eed14697083c01f7e00a87e21056fc8fb5851e8a7bca98345189abcdb4d4",
                "sha256:124207d2cd04e845eaf2a6171933cde40aebcb8c2d7d3b081e01be066d3014b6",
                "sha256:21efb87b168066201a120b0f54a2381f6f51ff3727e07b3908993732412b314a",
                "sha256:231c30958ed99c23128a21993c5ac0a70e1e568e6a898a47f70d5d37461ca47c",
                "sha256:395d02fd6be45f960da014372e7ecefc9e5f8df57a0558b7111a5fa8423c0669",
                "sha256:3fd5472020042482d7da4c26a0ee65dbd931f691e1c838c6cf4232823179ecc1",
                "sha256:4449e70b98f3ad3e43958360e4be1189c549865c0a128e8629ec96ce92d251c3",
                "sha256:45357eea9114bd41ef19280066591e9069bb4f6f5bffd533e9bfc12a439d735f",
                "sha256:45c1914795ffedb2970bfcd3ed83daf49124c7c37943ed0a7368971c6ea5e278",
                "sha256:4f5a9bc5bc4d730153529cb0584c63ff286d50663ccd48c9435423660b1bb12d",
                "sha256:59b4baf71c9f39125d7e535974b146cc180926462969f6d8821b4c5e975e11b3",
                "sha256:5a9e324213220578d324e0858baeab47808a13d3c3fbc6ba55a3f4f069d757cf",
                "sha256:5ded261268d5dfd307078fe3370295e5eb15bdde838bbb882acf8538e061c451",
                "sha256:5e3db6496463c3000d15b7a712da5a9601c6c43682f23f81862fe1d2a338f295",
                "sha256:6071bcf51f0ae4d53b9d3e9164f7138164df4291c484a7b14562075aaa7a2b7b",
                "sha256:6802edf98f6918e89df355f56be6e7db369b31eed64ff2496324febb8b0aa43b",
                "sha256:69097c50c3ccbcc61292192b045927f1688ca57ce80525dc5d120e0b91e19bb0",
                "sha256:6956cf7a1ac97523e96f75b11534ff851df99a6474a561ad836b6e82004acbb8",
                "sha256:6a7b76d4b44bca418f7797b1e157907b56b7d31caa9091db4e99ebee51c16933",
                "sha256:7adaac93678ac61f5dc070f615b18639d16ee66f6a946d5221dbf315e8b74bec",
                "sha256:8623ac25fa0850a44ac845e9333c4da9ae5707b7cec8ac87cbe9d4e41137180f",
                "sha256:8f672f3987f6424f60ab2e86ea7ed76dd2806b8e9b506a373fc8499aed85ddb5",
                "sha256:97839a6abbebb06099294e6057d5b3061721ada08b76ae792e7041b6cb54c97f",
                "sha256:a4244f4199a160717f0027e434abb886e322093ceadb2f790ff0c73ed3e17662",
                "sha256:a70aaa2e56356e58c6e1b49f7b7f069df5b15e55db002a74db3ff3f7af67c7ff",
                "sha256:a806aca6b80fa1d996aa16593e4995a71126a085ee1a59fff19ccad29a4e47fd",
                "sha256:b0c1750f73658906b82cabbf4be2f74300644c17cb037fbc8b48d746c3b90c76",
                "sha256:b0f9d9b5c6692097de07dd0b2d5ff20fd135bacd1b2fb7ea383ee717a4150c93",
                "sha256:b9abc49c014def1b832fcd53bdc670474b6fe41f373d16f40409882c0d0eccba",
                "sha256:c15e7d691cee75b5192fc1fa8487bf541d463246dc25c926b9b40f5b6ab56770",
                "sha256:c2c9ef10b6344465fd5ac002be2d34f818211274dd79b44c75b2c14a979f84f3",
                "sha256:caff3c1e964cfee044a03a46244ecf6373f3c56142ad16458a1446ac6d69824a",
                "sha256:d45db052d01d0ab7579470141d5c3592f4402d43cfacb67f023bc1210a67b7bc",
                "sha256:d67a0bd0283a3b17ac43c5ab8e4a7e9d3aa758d6ec5d51c232343c408825a5ad",
                "sha256:d89ef8a4444d83e0a5171d14f2ab4895936ab1773165b020f97d29cf289a2d88",
                "sha256:d8ed77098c2e22181fce971f49a34204c38b79ca91c01d515d07015339ae8165",
                "sha256:da6306e1f03e7085fe0db61d4a3377f70c6fd865118d0afe17f80ae9a8f6f124",
                "sha256:e073338e422f518c1d4d80efc713cd17f3ed6d37c8c7459af04a95459f3206d1",
                "sha256:e2aae92398c0023ac26a6cd026375f765ef5afe127eccabf563c78af7b572d59",
                "sha256:e399ed1b0d6f8089b9b6ff2cb3e71ba63a56d8ea88e1d95467949795cc74adfd",
                "sha256:e7822cba140f7ca48ed0256229f422dbae69e3a3475176185db0c0538cfadb57",
                "sha256:f532c2cbe8c140faffaebcfb34d43c9946599ea8138971f181a399bec7d6b123",
                "sha256:f850489d89ea12be486492e68f0fd63e402fa28e426d4f0b5fc1eec0595e6109",
                "sha256:f8873e490dea0f9cd975d66f84618b6fb57b1ba45ecb218313707a71173d764f",
                "sha256:fe25f50dc3d45364428baa0dbe3f613a5171c64eb0286eb775136b74e61ba58a"
            ],
            "markers": "python_version >= '3.7'",
            "version": "==3.8.1"
        },
        "psycopg": {
            "hashes": [
                "sha256:6874dbaba583cc6663437604bf45f7c244b5fd702f88af6211cd5a74e8ee3a8a",
                "sha256:aba61f12b11936cb25ec7bdf2d222d1ec36e4541ddc41f774ca763e0c50dd06f"
            ],
            "index": "pypi",
            "version": "==3.1.4"
        },
        "psycopg2-binary": {
            "hashes": [
                "sha256:00475004e5ed3e3bf5e056d66e5dcdf41a0dc62efcd57997acd9135c40a08a50",
                "sha256:01ad49d68dd8c5362e4bfb4158f2896dc6e0c02e87b8a3770fc003459f1a4425",
                "sha256:024030b13bdcbd53d8a93891a2cf07719715724fc9fee40243f3bd78b4264b8f",
                "sha256:02551647542f2bf89073d129c73c05a25c372fc0a49aa50e0de65c3c143d8bd0",
                "sha256:043a9fd45a03858ff72364b4b75090679bd875ee44df9c0613dc862ca6b98460",
                "sha256:05b3d479425e047c848b9782cd7aac9c6727ce23181eb9647baf64ffdfc3da41",
                "sha256:0775d6252ccb22b15da3b5d7adbbf8cfe284916b14b6dc0ff503a23edb01ee85",
                "sha256:1764546ffeaed4f9428707be61d68972eb5ede81239b46a45843e0071104d0dd",
                "sha256:1e491e6489a6cb1d079df8eaa15957c277fdedb102b6a68cfbf40c4994412fd0",
                "sha256:212757ffcecb3e1a5338d4e6761bf9c04f750e7d027117e74aa3cd8a75bb6fbd",
                "sha256:215d6bf7e66732a514f47614f828d8c0aaac9a648c46a831955cb103473c7147",
                "sha256:25382c7d174c679ce6927c16b6fbb68b10e56ee44b1acb40671e02d29f2fce7c",
                "sha256:2abccab84d057723d2ca8f99ff7b619285d40da6814d50366f61f0fc385c3903",
                "sha256:2d964eb24c8b021623df1c93c626671420c6efadbdb8655cb2bd5e0c6fa422ba",
                "sha256:2ec46ed947801652c9643e0b1dc334cfb2781232e375ba97312c2fc256597632",
                "sha256:2ef892cabdccefe577088a79580301f09f2a713eb239f4f9f62b2b29cafb0577",
                "sha256:33e632d0885b95a8b97165899006c40e9ecdc634a529dca7b991eb7de4ece41c",
                "sha256:3520d7af1ebc838cc6084a3281145d5cd5bdd43fdef139e6db5af01b92596cb7",
                "sha256:3d790f84201c3698d1bfb404c917f36e40531577a6dda02e45ba29b64d539867",
                "sha256:3fc33295cfccad697a97a76dec3f1e94ad848b7b163c3228c1636977966b51e2",
                "sha256:422e3d43b47ac20141bc84b3d342eead8d8099a62881a501e97d15f6addabfe9",
                "sha256:426c2ae999135d64e6a18849a7d1ad0e1bd007277e4a8f4752eaa40a96b550ff",
                "sha256:46512486be6fbceef51d7660dec017394ba3e170299d1dc30928cbedebbf103a",
                "sha256:46850a640df62ae940e34a163f72e26aca1f88e2da79148e1862faaac985c302",
                "sha256:484405b883630f3e74ed32041a87456c5e0e63a8e3429aa93e8714c366d62bd1",
                "sha256:4e7904d1920c0c89105c0517dc7e3f5c20fb4e56ba9cdef13048db76947f1d79",
                "sha256:56b2957a145f816726b109ee3d4e6822c23f919a7d91af5a94593723ed667835",
                "sha256:5c6527c8efa5226a9e787507652dd5ba97b62d29b53c371a85cd13f957fe4d42",
                "sha256:5cbc554ba47ecca8cd3396ddaca85e1ecfe3e48dd57dc5e415e59551affe568e",
                "sha256:5d28ecdf191db558d0c07d0f16524ee9d67896edf2b7990eea800abeb23ebd61",
                "sha256:5fc447058d083b8c6ac076fc26b446d44f0145308465d745fba93a28c14c9e32",
                "sha256:63e318dbe52709ed10d516a356f22a635e07a2e34c68145484ed96a19b0c4c68",
                "sha256:68d81a2fe184030aa0c5c11e518292e15d342a667184d91e30644c9d533e53e1",
                "sha256:6e63814ec71db9bdb42905c925639f319c80e7909fb76c3b84edc79dadef8d60",
                "sha256:6f8a9bcab7b6db2e3dbf65b214dfc795b4c6b3bb3af922901b6a67f7cb47d5f8",
                "sha256:70831e03bd53702c941da1a1ad36c17d825a24fbb26857b40913d58df82ec18b",
                "sha256:74eddec4537ab1f701a1647214734bc52cee2794df748f6ae5908e00771f180a",
                "sha256:7b3751857da3e224f5629400736a7b11e940b5da5f95fa631d86219a1beaafec",
                "sha256:7cf1d44e710ca3a9ce952bda2855830fe9f9017ed6259e01fcd71ea6287565f5",
                "sha256:7d07f552d1e412f4b4e64ce386d4c777a41da3b33f7098b6219012ba534fb2c2",
                "sha256:7d88db096fa19d94f433420eaaf9f3c45382da2dd014b93e4bf3215639047c16",
                "sha256:7ee3095d02d6f38bd7d9a5358fcc9ea78fcdb7176921528dd709cc63f40184f5",
                "sha256:902844f9c4fb19b17dfa84d9e2ca053d4a4ba265723d62ea5c9c26b38e0aa1e6",
                "sha256:937880290775033a743f4836aa253087b85e62784b63fd099ee725d567a48aa1",
                "sha256:95076399ec3b27a8f7fa1cc9a83417b1c920d55cf7a97f718a94efbb96c7f503",
                "sha256:9c38d3869238e9d3409239bc05bc27d6b7c99c2a460ea337d2814b35fb4fea1b",
                "sha256:9e32cedc389bcb76d9f24ea8a012b3cb8385ee362ea437e1d012ffaed106c17d",
                "sha256:9ffdc51001136b699f9563b1c74cc1f8c07f66ef7219beb6417a4c8aaa896c28",
                "sha256:a0adef094c49f242122bb145c3c8af442070dc0e4312db17e49058c1702606d4",
                "sha256:a36a0e791805aa136e9cbd0ffa040d09adec8610453ee8a753f23481a0057af5",
                "sha256:a7e518a0911c50f60313cb9e74a169a65b5d293770db4770ebf004245f24b5c5",
                "sha256:af0516e1711995cb08dc19bbd05bec7dbdebf4185f68870595156718d237df3e",
                "sha256:b8104f709590fff72af801e916817560dbe1698028cd0afe5a52d75ceb1fce5f",
                "sha256:b911dfb727e247340d36ae20c4b9259e4a64013ab9888ccb3cbba69b77fd9636",
                "sha256:b9a794cef1d9c1772b94a72eec6da144c18e18041d294a9ab47669bc77a80c1d",
                "sha256:b9c33d4aef08dfecbd1736ceab8b7b3c4358bf10a0121483e5cd60d3d308cc64",
                "sha256:b9d38a4656e4e715d637abdf7296e98d6267df0cc0a8e9a016f8ba07e4aa3eeb",
                "sha256:bcda1c84a1c533c528356da5490d464a139b6e84eb77cc0b432e38c5c6dd7882",
                "sha256:bef7e3f9dc6f0c13afdd671008534be5744e0e682fb851584c8c3a025ec09720",
                "sha256:c15ba5982c177bc4b23a7940c7e4394197e2d6a424a2d282e7c236b66da6d896",
                "sha256:c5254cbd4f4855e11cebf678c1a848a3042d455a22a4ce61349c36aafd4c2267",
                "sha256:c5682a45df7d9642eff590abc73157c887a68f016df0a8ad722dcc0f888f56d7",
                "sha256:c5e65c6ac0ae4bf5bef1667029f81010b6017795dcb817ba5c7b8a8d61fab76f",
                "sha256:d4c7b3a31502184e856df1f7bbb2c3735a05a8ce0ade34c5277e1577738a5c91",
                "sha256:d892bfa1d023c3781a3cab8dd5af76b626c483484d782e8bd047c180db590e4c",
                "sha256:dbc332beaf8492b5731229a881807cd7b91b50dbbbaf7fe2faf46942eda64a24",
                "sha256:dc85b3777068ed30aff8242be2813038a929f2084f69e43ef869daddae50f6ee",
                "sha256:e59137cdb970249ae60be2a49774c6dfb015bd0403f05af1fe61862e9626642d",
                "sha256:e67b3c26e9b6d37b370c83aa790bbc121775c57bfb096c2e77eacca25fd0233b",
                "sha256:e72c91bda9880f097c8aa3601a2c0de6c708763ba8128006151f496ca9065935",
                "sha256:f95b8aca2703d6a30249f83f4fe6a9abf2e627aa892a5caaab2267d56be7ab69"
            ],
            "index": "pypi",
            "version": "==2.9.5"
        },
        "shortuuid": {
            "hashes": [
                "sha256:27ea8f28b1bd0bf8f15057a3ece57275d2059d2b0bb02854f02189962c13b6aa",
                "sha256:fc75f2615914815a8e4cb1501b3a513745cb66ef0fd5fc6fb9f8c3fa3481f789"
            ],
            "markers": "python_version >= '3.5'",
            "version": "==1.0.11"
        },
        "soupsieve": {
            "hashes": [
                "sha256:3b2503d3c7084a42b1ebd08116e5f81aadfaea95863628c80a3b774a11b7c759",
                "sha256:fc53893b3da2c33de295667a0e19f078c14bf86544af307354de5fcf12a3f30d"
            ],
            "markers": "python_version >= '3.6'",
            "version": "==2.3.2.post1"
        },
        "sqlparse": {
            "hashes": [
                "sha256:0323c0ec29cd52bceabc1b4d9d579e311f3e4961b98d174201d5622a23b85e34",
                "sha256:69ca804846bb114d2ec380e4360a8a340db83f0ccf3afceeb1404df028f57268"
            ],
            "markers": "python_version >= '3.5'",
            "version": "==0.4.3"
        },
        "typing-extensions": {
            "hashes": [
                "sha256:1511434bb92bf8dd198c12b1cc812e800d4181cfcb867674e0f8279cc93087aa",
                "sha256:16fa4864408f655d35ec496218b85f79b3437c829e93320c7c9215ccfd92489e"
            ],
            "markers": "python_version < '3.11'",
            "version": "==4.4.0"
        }
    },
    "develop": {}
}
